<?xml version="1.0" encoding="utf-8"?>
<Project ToolsVersion="4.0" xmlns="http://schemas.microsoft.com/developer/msbuild/2003">
  <ItemGroup>
    <Filter Include="源文件">
      <UniqueIdentifier>{4FC737F1-C7A5-4376-A066-2A32D752A2FF}</UniqueIdentifier>
      <Extensions>cpp;c;cc;cxx;c++;cppm;ixx;def;odl;idl;hpj;bat;asm;asmx</Extensions>
    </Filter>
    <Filter Include="头文件">
      <UniqueIdentifier>{93995380-89BD-4b04-88EB-625FBE52EBFB}</UniqueIdentifier>
      <Extensions>h;hh;hpp;hxx;h++;hm;inl;inc;ipp;xsd</Extensions>
    </Filter>
    <Filter Include="资源文件">
      <UniqueIdentifier>{67DA6AB6-F800-4c08-8B7A-83BB121AAD01}</UniqueIdentifier>
      <Extensions>rc;ico;cur;bmp;dlg;rc2;rct;bin;rgs;gif;jpg;jpeg;jpe;resx;tiff;tif;png;wav;mfcribbon-ms</Extensions>
    </Filter>
    <Filter Include="源文件\lex">
      <UniqueIdentifier>{fec0b82b-4830-4ebe-b60d-742150b8d600}</UniqueIdentifier>
    </Filter>
    <Filter Include="源文件\syntax">
      <UniqueIdentifier>{ce00c422-0d25-4110-a900-07a6295eb9d8}</UniqueIdentifier>
    </Filter>
    <Filter Include="源文件\semanticAndIntermediateCode">
      <UniqueIdentifier>{894e96ce-2542-427f-8212-62e9affaf4bc}</UniqueIdentifier>
    </Filter>
    <Filter Include="源文件\assembly">
      <UniqueIdentifier>{ca469f1a-d0f7-4827-a0a8-5c54cd568bf1}</UniqueIdentifier>
    </Filter>
  </ItemGroup>
  <ItemGroup>
    <ClInclude Include="Lex.h">
      <Filter>头文件</Filter>
    </ClInclude>
    <ClInclude Include="SyntaxTree.h">
      <Filter>头文件</Filter>
    </ClInclude>
    <ClInclude Include="Debug.h">
      <Filter>头文件</Filter>
    </ClInclude>
    <ClInclude Include="FileManager.h">
      <Filter>头文件</Filter>
    </ClInclude>
    <ClInclude Include="FiniteAutomata.h">
      <Filter>头文件</Filter>
    </ClInclude>
    <ClInclude Include="Token.h">
      <Filter>头文件</Filter>
    </ClInclude>
    <ClInclude Include="Production.h">
      <Filter>头文件</Filter>
    </ClInclude>
    <ClInclude Include="Grammer.h">
      <Filter>头文件</Filter>
    </ClInclude>
    <ClInclude Include="Collection.h">
      <Filter>头文件</Filter>
    </ClInclude>
    <ClInclude Include="Parser.h">
      <Filter>头文件</Filter>
    </ClInclude>
    <ClInclude Include="AuxiliaryFunction.h">
      <Filter>头文件</Filter>
    </ClInclude>
    <ClInclude Include="Type.h">
      <Filter>头文件</Filter>
    </ClInclude>
    <ClInclude Include="Triple.h">
      <Filter>头文件</Filter>
    </ClInclude>
    <ClInclude Include="Assembly.h">
      <Filter>头文件</Filter>
    </ClInclude>
    <ClInclude Include="Reg.h">
      <Filter>头文件</Filter>
    </ClInclude>
  </ItemGroup>
  <ItemGroup>
    <ClCompile Include="SyntaxTree.cpp">
      <Filter>源文件\lex</Filter>
    </ClCompile>
    <ClCompile Include="main.cpp">
      <Filter>源文件</Filter>
    </ClCompile>
    <ClCompile Include="Lex.cpp">
      <Filter>源文件\lex</Filter>
    </ClCompile>
    <ClCompile Include="FileManager.cpp">
      <Filter>源文件</Filter>
    </ClCompile>
    <ClCompile Include="FiniteAutomata.cpp">
      <Filter>源文件\lex</Filter>
    </ClCompile>
    <ClCompile Include="Debug.cpp">
      <Filter>源文件</Filter>
    </ClCompile>
    <ClCompile Include="Token.cpp">
      <Filter>源文件</Filter>
    </ClCompile>
    <ClCompile Include="Production.cpp">
      <Filter>源文件\syntax</Filter>
    </ClCompile>
    <ClCompile Include="Grammer.cpp">
      <Filter>源文件\syntax</Filter>
    </ClCompile>
    <ClCompile Include="Collection.cpp">
      <Filter>源文件\syntax</Filter>
    </ClCompile>
    <ClCompile Include="Parser.cpp">
      <Filter>源文件\syntax</Filter>
    </ClCompile>
    <ClCompile Include="AuxiliaryFunction.cpp">
      <Filter>源文件\semanticAndIntermediateCode</Filter>
    </ClCompile>
    <ClCompile Include="Type.cpp">
      <Filter>源文件\semanticAndIntermediateCode</Filter>
    </ClCompile>
    <ClCompile Include="Triple.cpp">
      <Filter>源文件\semanticAndIntermediateCode</Filter>
    </ClCompile>
    <ClCompile Include="Reg.cpp">
      <Filter>源文件\assembly</Filter>
    </ClCompile>
    <ClCompile Include="Asm.cpp">
      <Filter>源文件\assembly</Filter>
    </ClCompile>
  </ItemGroup>
  <ItemGroup>
    <None Include="ClassDiagram.cd" />
    <None Include="ClassDiagram1.cd" />
    <None Include="ClassDiagram2.cd" />
  </ItemGroup>
</Project>